
Microsoft Visual Studio Solution File, Format Version 12.00
# Visual Studio Version 17
VisualStudioVersion = 17.5.2.0
MinimumVisualStudioVersion = 10.0.40219.1
Project("{FAE04EC0-301F-11D3-BF4B-00C04F79EFBC}") = "PKVault.Backend", "PKVault.Backend\PKVault.Backend.csproj", "{B5CEE1AB-68C5-FCEC-EA61-653FFB609ED2}"
EndProject
Project("{FAE04EC0-301F-11D3-BF4B-00C04F79EFBC}") = "PKVault.Core", "PKVault.Core\PKVault.Core.csproj", "{D5955FEE-60BA-4C36-BD29-BF5A189C8E0C}"
EndProject
Project("{FAE04EC0-301F-11D3-BF4B-00C04F79EFBC}") = "PKVault.Desktop", "PKVault.Desktop\PKVault.Desktop.csproj", "{3A2F0FAF-4A0D-4DF6-90D0-E52D485773ED}"
EndProject
Project("{FAE04EC0-301F-11D3-BF4B-00C04F79EFBC}") = "Scripts", "Scripts\Scripts.csproj", "{5344054E-B462-4033-81BF-84F74CF909E5}"
EndProject
Project("{FAE04EC0-301F-11D3-BF4B-00C04F79EFBC}") = "PKVault.Core.Tests", "PKVault.Core.Tests\PKVault.Core.Tests.csproj", "{4CA1F6D1-6CA0-494C-AF9E-5DBDB0945607}"
EndProject
Global
	GlobalSection(SolutionConfigurationPlatforms) = preSolution
		Debug|Any CPU = Debug|Any CPU
		Debug|x64 = Debug|x64
		Debug|x86 = Debug|x86
		Release|Any CPU = Release|Any CPU
		Release|x64 = Release|x64
		Release|x86 = Release|x86
	EndGlobalSection
	GlobalSection(ProjectConfigurationPlatforms) = postSolution
		{B5CEE1AB-68C5-FCEC-EA61-653FFB609ED2}.Debug|Any CPU.ActiveCfg = Debug|Any CPU
		{B5CEE1AB-68C5-FCEC-EA61-653FFB609ED2}.Debug|Any CPU.Build.0 = Debug|Any CPU
		{B5CEE1AB-68C5-FCEC-EA61-653FFB609ED2}.Debug|x64.ActiveCfg = Debug|Any CPU
		{B5CEE1AB-68C5-FCEC-EA61-653FFB609ED2}.Debug|x64.Build.0 = Debug|Any CPU
		{B5CEE1AB-68C5-FCEC-EA61-653FFB609ED2}.Debug|x86.ActiveCfg = Debug|Any CPU
		{B5CEE1AB-68C5-FCEC-EA61-653FFB609ED2}.Debug|x86.Build.0 = Debug|Any CPU
		{B5CEE1AB-68C5-FCEC-EA61-653FFB609ED2}.Release|Any CPU.ActiveCfg = Release|Any CPU
		{B5CEE1AB-68C5-FCEC-EA61-653FFB609ED2}.Release|Any CPU.Build.0 = Release|Any CPU
		{B5CEE1AB-68C5-FCEC-EA61-653FFB609ED2}.Release|x64.ActiveCfg = Release|Any CPU
		{B5CEE1AB-68C5-FCEC-EA61-653FFB609ED2}.Release|x64.Build.0 = Release|Any CPU
		{B5CEE1AB-68C5-FCEC-EA61-653FFB609ED2}.Release|x86.ActiveCfg = Release|Any CPU
		{B5CEE1AB-68C5-FCEC-EA61-653FFB609ED2}.Release|x86.Build.0 = Release|Any CPU
		{D5955FEE-60BA-4C36-BD29-BF5A189C8E0C}.Debug|Any CPU.ActiveCfg = Debug|Any CPU
		{D5955FEE-60BA-4C36-BD29-BF5A189C8E0C}.Debug|Any CPU.Build.0 = Debug|Any CPU
		{D5955FEE-60BA-4C36-BD29-BF5A189C8E0C}.Debug|x64.ActiveCfg = Debug|Any CPU
		{D5955FEE-60BA-4C36-BD29-BF5A189C8E0C}.Debug|x64.Build.0 = Debug|Any CPU
		{D5955FEE-60BA-4C36-BD29-BF5A189C8E0C}.Debug|x86.ActiveCfg = Debug|Any CPU
		{D5955FEE-60BA-4C36-BD29-BF5A189C8E0C}.Debug|x86.Build.0 = Debug|Any CPU
		{D5955FEE-60BA-4C36-BD29-BF5A189C8E0C}.Release|Any CPU.ActiveCfg = Release|Any CPU
		{D5955FEE-60BA-4C36-BD29-BF5A189C8E0C}.Release|Any CPU.Build.0 = Release|Any CPU
		{D5955FEE-60BA-4C36-BD29-BF5A189C8E0C}.Release|x64.ActiveCfg = Release|Any CPU
		{D5955FEE-60BA-4C36-BD29-BF5A189C8E0C}.Release|x64.Build.0 = Release|Any CPU
		{D5955FEE-60BA-4C36-BD29-BF5A189C8E0C}.Release|x86.ActiveCfg = Release|Any CPU
		{D5955FEE-60BA-4C36-BD29-BF5A189C8E0C}.Release|x86.Build.0 = Release|Any CPU
		{3A2F0FAF-4A0D-4DF6-90D0-E52D485773ED}.Debug|Any CPU.ActiveCfg = Debug|Any CPU
		{3A2F0FAF-4A0D-4DF6-90D0-E52D485773ED}.Debug|Any CPU.Build.0 = Debug|Any CPU
		{3A2F0FAF-4A0D-4DF6-90D0-E52D485773ED}.Debug|x64.ActiveCfg = Debug|Any CPU
		{3A2F0FAF-4A0D-4DF6-90D0-E52D485773ED}.Debug|x64.Build.0 = Debug|Any CPU
		{3A2F0FAF-4A0D-4DF6-90D0-E52D485773ED}.Debug|x86.ActiveCfg = Debug|Any CPU
		{3A2F0FAF-4A0D-4DF6-90D0-E52D485773ED}.Debug|x86.Build.0 = Debug|Any CPU
		{3A2F0FAF-4A0D-4DF6-90D0-E52D485773ED}.Release|Any CPU.ActiveCfg = Release|Any CPU
		{3A2F0FAF-4A0D-4DF6-90D0-E52D485773ED}.Release|Any CPU.Build.0 = Release|Any CPU
		{3A2F0FAF-4A0D-4DF6-90D0-E52D485773ED}.Release|x64.ActiveCfg = Release|Any CPU
		{3A2F0FAF-4A0D-4DF6-90D0-E52D485773ED}.Release|x64.Build.0 = Release|Any CPU
		{3A2F0FAF-4A0D-4DF6-90D0-E52D485773ED}.Release|x86.ActiveCfg = Release|Any CPU
		{3A2F0FAF-4A0D-4DF6-90D0-E52D485773ED}.Release|x86.Build.0 = Release|Any CPU
		{5344054E-B462-4033-81BF-84F74CF909E5}.Debug|Any CPU.ActiveCfg = Debug|Any CPU
		{5344054E-B462-4033-81BF-84F74CF909E5}.Debug|Any CPU.Build.0 = Debug|Any CPU
		{5344054E-B462-4033-81BF-84F74CF909E5}.Debug|x64.ActiveCfg = Debug|Any CPU
		{5344054E-B462-4033-81BF-84F74CF909E5}.Debug|x64.Build.0 = Debug|Any CPU
		{5344054E-B462-4033-81BF-84F74CF909E5}.Debug|x86.ActiveCfg = Debug|Any CPU
		{5344054E-B462-4033-81BF-84F74CF909E5}.Debug|x86.Build.0 = Debug|Any CPU
		{5344054E-B462-4033-81BF-84F74CF909E5}.Release|Any CPU.ActiveCfg = Release|Any CPU
		{5344054E-B462-4033-81BF-84F74CF909E5}.Release|Any CPU.Build.0 = Release|Any CPU
		{5344054E-B462-4033-81BF-84F74CF909E5}.Release|x64.ActiveCfg = Release|Any CPU
		{5344054E-B462-4033-81BF-84F74CF909E5}.Release|x64.Build.0 = Release|Any CPU
		{5344054E-B462-4033-81BF-84F74CF909E5}.Release|x86.ActiveCfg = Release|Any CPU
		{5344054E-B462-4033-81BF-84F74CF909E5}.Release|x86.Build.0 = Release|Any CPU
		{4CA1F6D1-6CA0-494C-AF9E-5DBDB0945607}.Debug|Any CPU.ActiveCfg = Debug|Any CPU
		{4CA1F6D1-6CA0-494C-AF9E-5DBDB0945607}.Debug|Any CPU.Build.0 = Debug|Any CPU
		{4CA1F6D1-6CA0-494C-AF9E-5DBDB0945607}.Debug|x64.ActiveCfg = Debug|Any CPU
		{4CA1F6D1-6CA0-494C-AF9E-5DBDB0945607}.Debug|x64.Build.0 = Debug|Any CPU
		{4CA1F6D1-6CA0-494C-AF9E-5DBDB0945607}.Debug|x86.ActiveCfg = Debug|Any CPU
		{4CA1F6D1-6CA0-494C-AF9E-5DBDB0945607}.Debug|x86.Build.0 = Debug|Any CPU
		{4CA1F6D1-6CA0-494C-AF9E-5DBDB0945607}.Release|Any CPU.ActiveCfg = Release|Any CPU
		{4CA1F6D1-6CA0-494C-AF9E-5DBDB0945607}.Release|Any CPU.Build.0 = Release|Any CPU
		{4CA1F6D1-6CA0-494C-AF9E-5DBDB0945607}.Release|x64.ActiveCfg = Release|Any CPU
		{4CA1F6D1-6CA0-494C-AF9E-5DBDB0945607}.Release|x64.Build.0 = Release|Any CPU
		{4CA1F6D1-6CA0-494C-AF9E-5DBDB0945607}.Release|x86.ActiveCfg = Release|Any CPU
		{4CA1F6D1-6CA0-494C-AF9E-5DBDB0945607}.Release|x86.Build.0 = Release|Any CPU
	EndGlobalSection
	GlobalSection(SolutionProperties) = preSolution
		HideSolutionNode = FALSE
	EndGlobalSection
	GlobalSection(ExtensibilityGlobals) = postSolution
		SolutionGuid = {6231C55B-97C6-4F3F-994C-EE18F4C212DF}
	EndGlobalSection
EndGlobal
